
Microsoft Visual Studio Solution File, Format Version 12.00
# Visual Studio 15
VisualStudioVersion = 15.0.28307.136
MinimumVisualStudioVersion = 10.0.40219.1
Project("{FAE04EC0-301F-11D3-BF4B-00C04F79EFBC}") = "WebApplication2", "WebApplication2\WebApplication2.csproj", "{7DCE81B0-92C2-4C9F-AF3C-A659437E6BDF}"
EndProject
Project("{FAE04EC0-301F-11D3-BF4B-00C04F79EFBC}") = "WebAppTest", "WebAppTest\WebAppTest.csproj", "{656F5066-2C55-4F01-A04B-3BFE582AEB92}"
EndProject
Global
	GlobalSection(SolutionConfigurationPlatforms) = preSolution
		Debug|Any CPU = Debug|Any CPU
		Release|Any CPU = Release|Any CPU
	EndGlobalSection
	GlobalSection(ProjectConfigurationPlatforms) = postSolution
		{7DCE81B0-92C2-4C9F-AF3C-A659437E6BDF}.Debug|Any CPU.ActiveCfg = Debug|Any CPU
		{7DCE81B0-92C2-4C9F-AF3C-A659437E6BDF}.Debug|Any CPU.Build.0 = Debug|Any CPU
		{7DCE81B0-92C2-4C9F-AF3C-A659437E6BDF}.Release|Any CPU.ActiveCfg = Release|Any CPU
		{7DCE81B0-92C2-4C9F-AF3C-A659437E6BDF}.Release|Any CPU.Build.0 = Release|Any CPU
		{656F5066-2C55-4F01-A04B-3BFE582AEB92}.Debug|Any CPU.ActiveCfg = Debug|Any CPU
		{656F5066-2C55-4F01-A04B-3BFE582AEB92}.Debug|Any CPU.Build.0 = Debug|Any CPU
		{656F5066-2C55-4F01-A04B-3BFE582AEB92}.Release|Any CPU.ActiveCfg = Release|Any CPU
		{656F5066-2C55-4F01-A04B-3BFE582AEB92}.Release|Any CPU.Build.0 = Release|Any CPU
	EndGlobalSection
	GlobalSection(SolutionProperties) = preSolution
		HideSolutionNode = FALSE
	EndGlobalSection
	GlobalSection(ExtensibilityGlobals) = postSolution
		SolutionGuid = {65F41D53-AA28-4ACB-9ADC-827906FE39FE}
	EndGlobalSection
EndGlobal
